{
  "meteor": {},
  "dependencies": {
    "basePackages": {
      "scss": {},
      "bourbon": {},
      "neat": {},
      "jade": {},
      "font-awesome": {},
      "iron-router": {},
      "spin": {},
      "houston": {},
      "roles": {},
      "bower": {},
      "sugar": {},
      "harmony": {}
    },
    "packages": {
      "scss": {
        "git": "https://github.com/fourseven/meteor-scss.git",
        "tag": "v0.9.3",
        "commit": "185f3b2787fb85e653f7b7bf603d1493ed14943d"
      },
      "bourbon": {
        "git": "https://github.com/chicagogrooves/meteor-bourbon.git",
        "tag": "v3.1.8.1",
        "commit": "b55f0968fe7d4a2886898cd8e81394de066a3ae1"
      },
      "neat": {
        "git": "https://github.com/chicagogrooves/meteor-neat.git",
        "tag": "v1.5.0",
        "commit": "6c318cce1c02e822d6a340c547273b29b6379197"
      },
      "jade": {
        "git": "https://github.com/mquandalle/meteor-jade.git",
        "tag": "v0.2.4",
        "commit": "a47a4c59daaa57e7fe5f1544d4ea76d95a5c9abf"
      },
      "font-awesome": {
        "git": "https://github.com/nate-strauser/meteor-font-awesome.git",
        "tag": "v4.1.0",
        "commit": "ce6b1e92715d1938babc5d69c655c17e387f5926"
      },
      "iron-router": {
        "git": "https://github.com/EventedMind/iron-router.git",
        "tag": "v0.7.1",
        "commit": "d1ffb3f06ea4c112132b030f2eb1a70b81675ecb"
      },
      "spin": {
        "git": "https://github.com/SachaG/meteor-spin.git",
        "tag": "v2.0.3",
        "commit": "23c1145472a710d5c93fa4beaca4e576caeb2f24"
      },
      "houston": {
        "git": "https://github.com/gterrono/houston.git",
        "tag": "v1.0.7",
        "commit": "a27e9e42d03764f09a6681a98945787fe1f6303d"
      },
      "roles": {
        "git": "https://github.com/alanning/meteor-roles.git",
        "tag": "v1.2.10",
        "commit": "7ccb35de0a6cb0c9a0c3666badd04757e39c09a6"
      },
      "bower": {
        "git": "https://github.com/mquandalle/meteor-bower.git",
        "tag": "v0.1.10",
        "commit": "ba0081a9f2919918f48f6b2f9e2f33729c79aecc"
      },
      "sugar": {
        "git": "https://github.com/bevanhunt/meteor-sugar.git",
        "tag": "v0.1.7",
        "commit": "eef2d45055fabeb27c003f39bb36b97a361b4455"
      },
      "harmony": {
        "git": "https://github.com/mquandalle/meteor-harmony.git",
        "tag": "v1.2.1",
        "commit": "433d276ddcc61eb80606eb15f4552f4fc3fbb8ca"
      },
      "blaze-layout": {
        "git": "https://github.com/EventedMind/blaze-layout.git",
        "tag": "v0.2.4",
        "commit": "b40e9b0612329288d75cf52ad14a7da64bb8618f"
      },
      "paginated-subscription": {
        "git": "https://github.com/tmeasday/meteor-paginated-subscription.git",
        "tag": "v0.2.2",
        "commit": "2133a2163575f569f90253f81314f21b2bf08d20"
      },
      "exports": {
        "git": "https://github.com/christianbundy/meteor-exports.git",
        "tag": "v1.0.0",
        "commit": "3fd51053c2a16b94519e2720be7b70feb654e5a7"
      }
    }
  }
}
