{
  "meteor": {},
  "dependencies": {
    "basePackages": {
      "scss": {},
      "bourbon": {},
      "neat": {},
      "jade": {},
      "font-awesome": {},
      "iron-router": {},
      "spin": {},
      "houston": {},
      "roles": {},
      "accounts-entry": {},
      "jquery": {},
      "profile": {},
      "bower": {}
    },
    "packages": {
      "scss": {
        "git": "https://github.com/fourseven/meteor-scss.git",
        "tag": "v0.8.3",
        "commit": "84fa8b09766e85a9e85b5606903f4222b7dd7605"
      },
      "bourbon": {
        "git": "https://github.com/chicagogrooves/meteor-bourbon.git",
        "tag": "v3.1.8.1",
        "commit": "b55f0968fe7d4a2886898cd8e81394de066a3ae1"
      },
      "neat": {
        "git": "https://github.com/chicagogrooves/meteor-neat.git",
        "tag": "v1.5.0",
        "commit": "6c318cce1c02e822d6a340c547273b29b6379197"
      },
      "jade": {
        "git": "https://github.com/mquandalle/meteor-jade.git",
        "tag": "v0.1.5",
        "commit": "bbb23ff955d94066b74c4aa9ea760418483b3ddf"
      },
      "font-awesome": {
        "git": "https://github.com/nate-strauser/meteor-font-awesome.git",
        "tag": "v4.0.3",
        "commit": "61e9361384347547ae144f8228faa4deffda23db"
      },
      "iron-router": {
        "git": "https://github.com/EventedMind/iron-router.git",
        "tag": "v0.6.4",
        "commit": "927bbaed1b87894fb6fb70807f74ff3a5bd89f29"
      },
      "spin": {
        "git": "https://github.com/SachaG/meteor-spin.git",
        "tag": "v0.2.2",
        "commit": "3f655f0016228e4195acc784c45d3e3a247dc39f"
      },
      "houston": {
        "git": "https://github.com/gterrono/houston.git",
        "tag": "v1.0.1",
        "commit": "59653d3a345a438c83bfd5244b992a19c4b014d7"
      },
      "roles": {
        "git": "https://github.com/alanning/meteor-roles.git",
        "tag": "v1.2.6",
        "commit": "f2a9058281f8f2fe028767841d7445aadd6893cf"
      },
      "accounts-entry": {
        "git": "https://github.com/BeDifferential/accounts-entry.git",
        "tag": "v0.6.2",
        "commit": "56c9b6c064cc0d92a97aa9b53a8f4da050f54c29"
      },
      "jquery": {
        "git": "https://github.com/nrafter/meteor-jquery.git",
        "tag": "v2.0.31",
        "commit": "3edf878d51e6f03eff70e1a7a969a19f42b6f1a1"
      },
      "profile": {
        "git": "https://github.com/BeDifferential/meteor-profile.git",
        "tag": "v0.0.8",
        "commit": "a79eed39b871d4c384b76d77b78e318eb2f300fd"
      },
      "bower": {
        "git": "https://github.com/mquandalle/meteor-bower.git",
        "tag": "v0.1.5",
        "commit": "4e96fa0365414371e412c8c5b79e7b4c2e6cefbf"
      },
      "paginated-subscription": {
        "git": "https://github.com/tmeasday/meteor-paginated-subscription.git",
        "tag": "v0.1.2",
        "commit": "35e0c6112df2b4cfeb60b559276a93cac5ee2dd6"
      },
      "just-i18n": {
        "git": "https://github.com/subhog/meteor-just-i18n.git",
        "tag": "v0.1.1",
        "commit": "ce88ac66c0dc107dc2da93ce152616115838101f"
      },
      "accounts-t9n": {
        "git": "https://github.com/softwarerero/meteor-accounts-t9n.git",
        "tag": "v0.0.2",
        "commit": "408e3a037114cb72163073110e2121e3d548c1a2"
      }
    }
  }
}
